
Microsoft Visual Studio Solution File, Format Version 12.00
# Visual Studio Version 17
VisualStudioVersion = 17.6.33829.357
MinimumVisualStudioVersion = 10.0.40219.1
Project("{FAE04EC0-301F-11D3-BF4B-00C04F79EFBC}") = "EasyTripProject", "EasyTripProject\EasyTripProject.csproj", "{0BA53653-83DF-4ADA-8D46-42C2466B88AA}"
EndProject
Global
	GlobalSection(SolutionConfigurationPlatforms) = preSolution
		Debug|Any CPU = Debug|Any CPU
		Release|Any CPU = Release|Any CPU
	EndGlobalSection
	GlobalSection(ProjectConfigurationPlatforms) = postSolution
		{0BA53653-83DF-4ADA-8D46-42C2466B88AA}.Debug|Any CPU.ActiveCfg = Debug|Any CPU
		{0BA53653-83DF-4ADA-8D46-42C2466B88AA}.Debug|Any CPU.Build.0 = Debug|Any CPU
		{0BA53653-83DF-4ADA-8D46-42C2466B88AA}.Release|Any CPU.ActiveCfg = Release|Any CPU
		{0BA53653-83DF-4ADA-8D46-42C2466B88AA}.Release|Any CPU.Build.0 = Release|Any CPU
	EndGlobalSection
	GlobalSection(SolutionProperties) = preSolution
		HideSolutionNode = FALSE
	EndGlobalSection
	GlobalSection(ExtensibilityGlobals) = postSolution
		SolutionGuid = {D08E1796-018C-42D8-959E-C1596417EB86}
	EndGlobalSection
EndGlobal
